
Microsoft Visual Studio Solution File, Format Version 12.00
# Visual Studio Version 17
VisualStudioVersion = 17.8.34525.116
MinimumVisualStudioVersion = 10.0.40219.1
Project("{FAE04EC0-301F-11D3-BF4B-00C04F79EFBC}") = "GeldAutomaat", "GeldAutomaat.csproj", "{598C24B7-298B-46C4-B75F-FED8583DA0D8}"
EndProject
Global
	GlobalSection(SolutionConfigurationPlatforms) = preSolution
		Debug|Any CPU = Debug|Any CPU
		Release|Any CPU = Release|Any CPU
	EndGlobalSection
	GlobalSection(ProjectConfigurationPlatforms) = postSolution
		{598C24B7-298B-46C4-B75F-FED8583DA0D8}.Debug|Any CPU.ActiveCfg = Debug|Any CPU
		{598C24B7-298B-46C4-B75F-FED8583DA0D8}.Debug|Any CPU.Build.0 = Debug|Any CPU
		{598C24B7-298B-46C4-B75F-FED8583DA0D8}.Release|Any CPU.ActiveCfg = Release|Any CPU
		{598C24B7-298B-46C4-B75F-FED8583DA0D8}.Release|Any CPU.Build.0 = Release|Any CPU
	EndGlobalSection
	GlobalSection(SolutionProperties) = preSolution
		HideSolutionNode = FALSE
	EndGlobalSection
	GlobalSection(ExtensibilityGlobals) = postSolution
		SolutionGuid = {422450A0-0764-4AF6-9318-759DA8035AC7}
	EndGlobalSection
EndGlobal
